// !$*UTF8*$!
{
	archiveVersion = 1;
	classes = {
	};
	objectVersion = 50;
	objects = {

/* Begin PBXBuildFile section */
		249CE4FE26AC635800CDAB76 /* Reference photo for 1st generation.jpeg in Resources */ = {isa = PBXBuildFile; fileRef = 249CE4FD26AC635800CDAB76 /* Reference photo for 1st generation.jpeg */; };
		249CE50126AC649E00CDAB76 /* Reference for 2nd gen scion tC.jpeg in Resources */ = {isa = PBXBuildFile; fileRef = 249CE50026AC649E00CDAB76 /* Reference for 2nd gen scion tC.jpeg */; };
		249CE50426AC684000CDAB76 /* Page4ViewController.swift in Sources */ = {isa = PBXBuildFile; fileRef = 249CE50326AC684000CDAB76 /* Page4ViewController.swift */; };
		249CE50C26AC6DA800CDAB76 /* refernce photo for RSX.jpeg in Resources */ = {isa = PBXBuildFile; fileRef = 249CE50B26AC6DA800CDAB76 /* refernce photo for RSX.jpeg */; };
		249CE51026AC6E1E00CDAB76 /* Ref for Frs.jpeg in Resources */ = {isa = PBXBuildFile; fileRef = 249CE50F26AC6E1E00CDAB76 /* Ref for Frs.jpeg */; };
		249CE51526AC6ED200CDAB76 /* tc1 ex 3.jpg in Resources */ = {isa = PBXBuildFile; fileRef = 249CE51226AC6ED200CDAB76 /* tc1 ex 3.jpg */; };
		249CE51626AC6ED200CDAB76 /* 1st ex Tc.jpeg in Resources */ = {isa = PBXBuildFile; fileRef = 249CE51326AC6ED200CDAB76 /* 1st ex Tc.jpeg */; };
		249CE51726AC6ED200CDAB76 /* tc1 ex2.jpeg in Resources */ = {isa = PBXBuildFile; fileRef = 249CE51426AC6ED200CDAB76 /* tc1 ex2.jpeg */; };
		249CE51A26AC6F4000CDAB76 /* tc1 4ex.jpeg in Resources */ = {isa = PBXBuildFile; fileRef = 249CE51926AC6F4000CDAB76 /* tc1 4ex.jpeg */; };
		249CE52026AC6FBA00CDAB76 /* tc2 slam.jpeg in Resources */ = {isa = PBXBuildFile; fileRef = 249CE51C26AC6FBA00CDAB76 /* tc2 slam.jpeg */; };
		249CE52126AC6FBA00CDAB76 /* tc2 ex4.jpeg in Resources */ = {isa = PBXBuildFile; fileRef = 249CE51D26AC6FBA00CDAB76 /* tc2 ex4.jpeg */; };
		249CE52226AC6FBA00CDAB76 /* tc2 ex3.jpeg in Resources */ = {isa = PBXBuildFile; fileRef = 249CE51E26AC6FBA00CDAB76 /* tc2 ex3.jpeg */; };
		249CE52326AC6FBA00CDAB76 /* tc 2 ex2.jpeg in Resources */ = {isa = PBXBuildFile; fileRef = 249CE51F26AC6FBA00CDAB76 /* tc 2 ex2.jpeg */; };
		249CE52C26AC70D000CDAB76 /* rsx ex 4.jpeg in Resources */ = {isa = PBXBuildFile; fileRef = 249CE52826AC70D000CDAB76 /* rsx ex 4.jpeg */; };
		249CE52D26AC70D000CDAB76 /* rsx ex 2.jpeg in Resources */ = {isa = PBXBuildFile; fileRef = 249CE52926AC70D000CDAB76 /* rsx ex 2.jpeg */; };
		249CE52E26AC70D000CDAB76 /* rsx ex1.jpeg in Resources */ = {isa = PBXBuildFile; fileRef = 249CE52A26AC70D000CDAB76 /* rsx ex1.jpeg */; };
		249CE52F26AC70D000CDAB76 /* rsx ex 3.jpeg in Resources */ = {isa = PBXBuildFile; fileRef = 249CE52B26AC70D000CDAB76 /* rsx ex 3.jpeg */; };
		249CE53526AC70EA00CDAB76 /* frs ex 4.jpeg in Resources */ = {isa = PBXBuildFile; fileRef = 249CE53126AC70EA00CDAB76 /* frs ex 4.jpeg */; };
		249CE53626AC70EA00CDAB76 /* Frs ex1.jpeg in Resources */ = {isa = PBXBuildFile; fileRef = 249CE53226AC70EA00CDAB76 /* Frs ex1.jpeg */; };
		249CE53726AC70EA00CDAB76 /* frs ex 3.jpeg in Resources */ = {isa = PBXBuildFile; fileRef = 249CE53326AC70EA00CDAB76 /* frs ex 3.jpeg */; };
		249CE53826AC70EA00CDAB76 /* frs ex2.jpeg in Resources */ = {isa = PBXBuildFile; fileRef = 249CE53426AC70EA00CDAB76 /* frs ex2.jpeg */; };
		24EE8C8226A4A58F000E5E96 /* AppDelegate.swift in Sources */ = {isa = PBXBuildFile; fileRef = 24EE8C8126A4A58F000E5E96 /* AppDelegate.swift */; };
		24EE8C8426A4A58F000E5E96 /* SceneDelegate.swift in Sources */ = {isa = PBXBuildFile; fileRef = 24EE8C8326A4A58F000E5E96 /* SceneDelegate.swift */; };
		24EE8C8626A4A58F000E5E96 /* ViewController.swift in Sources */ = {isa = PBXBuildFile; fileRef = 24EE8C8526A4A58F000E5E96 /* ViewController.swift */; };
		24EE8C8926A4A58F000E5E96 /* Main.storyboard in Resources */ = {isa = PBXBuildFile; fileRef = 24EE8C8726A4A58F000E5E96 /* Main.storyboard */; };
		24EE8C8B26A4A590000E5E96 /* Assets.xcassets in Resources */ = {isa = PBXBuildFile; fileRef = 24EE8C8A26A4A590000E5E96 /* Assets.xcassets */; };
		24EE8C8E26A4A590000E5E96 /* LaunchScreen.storyboard in Resources */ = {isa = PBXBuildFile; fileRef = 24EE8C8C26A4A590000E5E96 /* LaunchScreen.storyboard */; };
		24EE8C9726A4A68B000E5E96 /* Page2ViewController.swift in Sources */ = {isa = PBXBuildFile; fileRef = 24EE8C9626A4A68B000E5E96 /* Page2ViewController.swift */; };
		24EE8C9B26A4AD41000E5E96 /* Page3ViewController.swift in Sources */ = {isa = PBXBuildFile; fileRef = 24EE8C9A26A4AD41000E5E96 /* Page3ViewController.swift */; };
/* End PBXBuildFile section */

/* Begin PBXFileReference section */
		249CE4FD26AC635800CDAB76 /* Reference photo for 1st generation.jpeg */ = {isa = PBXFileReference; lastKnownFileType = image.jpeg; path = "Reference photo for 1st generation.jpeg"; sourceTree = "<group>"; };
		249CE50026AC649E00CDAB76 /* Reference for 2nd gen scion tC.jpeg */ = {isa = PBXFileReference; lastKnownFileType = image.jpeg; path = "Reference for 2nd gen scion tC.jpeg"; sourceTree = "<group>"; };
		249CE50326AC684000CDAB76 /* Page4ViewController.swift */ = {isa = PBXFileReference; lastKnownFileType = sourcecode.swift; path = Page4ViewController.swift; sourceTree = "<group>"; };
		249CE50B26AC6DA800CDAB76 /* refernce photo for RSX.jpeg */ = {isa = PBXFileReference; lastKnownFileType = image.jpeg; path = "refernce photo for RSX.jpeg"; sourceTree = "<group>"; };
		249CE50F26AC6E1E00CDAB76 /* Ref for Frs.jpeg */ = {isa = PBXFileReference; lastKnownFileType = image.jpeg; path = "Ref for Frs.jpeg"; sourceTree = "<group>"; };
		249CE51226AC6ED200CDAB76 /* tc1 ex 3.jpg */ = {isa = PBXFileReference; lastKnownFileType = image.jpeg; name = "tc1 ex 3.jpg"; path = "../../../../tc1 ex 3.jpg"; sourceTree = "<group>"; };
		249CE51326AC6ED200CDAB76 /* 1st ex Tc.jpeg */ = {isa = PBXFileReference; lastKnownFileType = image.jpeg; name = "1st ex Tc.jpeg"; path = "../../../../1st ex Tc.jpeg"; sourceTree = "<group>"; };
		249CE51426AC6ED200CDAB76 /* tc1 ex2.jpeg */ = {isa = PBXFileReference; lastKnownFileType = image.jpeg; name = "tc1 ex2.jpeg"; path = "../../../../tc1 ex2.jpeg"; sourceTree = "<group>"; };
		249CE51926AC6F4000CDAB76 /* tc1 4ex.jpeg */ = {isa = PBXFileReference; lastKnownFileType = image.jpeg; name = "tc1 4ex.jpeg"; path = "../../../../tc1 4ex.jpeg"; sourceTree = "<group>"; };
		249CE51C26AC6FBA00CDAB76 /* tc2 slam.jpeg */ = {isa = PBXFileReference; lastKnownFileType = image.jpeg; name = "tc2 slam.jpeg"; path = "../../../../tc2 slam.jpeg"; sourceTree = "<group>"; };
		249CE51D26AC6FBA00CDAB76 /* tc2 ex4.jpeg */ = {isa = PBXFileReference; lastKnownFileType = image.jpeg; name = "tc2 ex4.jpeg"; path = "../../../../tc2 ex4.jpeg"; sourceTree = "<group>"; };
		249CE51E26AC6FBA00CDAB76 /* tc2 ex3.jpeg */ = {isa = PBXFileReference; lastKnownFileType = image.jpeg; name = "tc2 ex3.jpeg"; path = "../../../../tc2 ex3.jpeg"; sourceTree = "<group>"; };
		249CE51F26AC6FBA00CDAB76 /* tc 2 ex2.jpeg */ = {isa = PBXFileReference; lastKnownFileType = image.jpeg; name = "tc 2 ex2.jpeg"; path = "../../../../tc 2 ex2.jpeg"; sourceTree = "<group>"; };
		249CE52826AC70D000CDAB76 /* rsx ex 4.jpeg */ = {isa = PBXFileReference; lastKnownFileType = image.jpeg; name = "rsx ex 4.jpeg"; path = "../../../../rsx ex 4.jpeg"; sourceTree = "<group>"; };
		249CE52926AC70D000CDAB76 /* rsx ex 2.jpeg */ = {isa = PBXFileReference; lastKnownFileType = image.jpeg; name = "rsx ex 2.jpeg"; path = "../../../../rsx ex 2.jpeg"; sourceTree = "<group>"; };
		249CE52A26AC70D000CDAB76 /* rsx ex1.jpeg */ = {isa = PBXFileReference; lastKnownFileType = image.jpeg; name = "rsx ex1.jpeg"; path = "../../../../rsx ex1.jpeg"; sourceTree = "<group>"; };
		249CE52B26AC70D000CDAB76 /* rsx ex 3.jpeg */ = {isa = PBXFileReference; lastKnownFileType = image.jpeg; name = "rsx ex 3.jpeg"; path = "../../../../rsx ex 3.jpeg"; sourceTree = "<group>"; };
		249CE53126AC70EA00CDAB76 /* frs ex 4.jpeg */ = {isa = PBXFileReference; lastKnownFileType = image.jpeg; name = "frs ex 4.jpeg"; path = "../../../../frs ex 4.jpeg"; sourceTree = "<group>"; };
		249CE53226AC70EA00CDAB76 /* Frs ex1.jpeg */ = {isa = PBXFileReference; lastKnownFileType = image.jpeg; name = "Frs ex1.jpeg"; path = "../../../../Frs ex1.jpeg"; sourceTree = "<group>"; };
		249CE53326AC70EA00CDAB76 /* frs ex 3.jpeg */ = {isa = PBXFileReference; lastKnownFileType = image.jpeg; name = "frs ex 3.jpeg"; path = "../../../../frs ex 3.jpeg"; sourceTree = "<group>"; };
		249CE53426AC70EA00CDAB76 /* frs ex2.jpeg */ = {isa = PBXFileReference; lastKnownFileType = image.jpeg; name = "frs ex2.jpeg"; path = "../../../../frs ex2.jpeg"; sourceTree = "<group>"; };
		24EE8C7E26A4A58F000E5E96 /* SkwarloFinalAPP.app */ = {isa = PBXFileReference; explicitFileType = wrapper.application; includeInIndex = 0; path = SkwarloFinalAPP.app; sourceTree = BUILT_PRODUCTS_DIR; };
		24EE8C8126A4A58F000E5E96 /* AppDelegate.swift */ = {isa = PBXFileReference; lastKnownFileType = sourcecode.swift; path = AppDelegate.swift; sourceTree = "<group>"; };
		24EE8C8326A4A58F000E5E96 /* SceneDelegate.swift */ = {isa = PBXFileReference; lastKnownFileType = sourcecode.swift; path = SceneDelegate.swift; sourceTree = "<group>"; };
		24EE8C8526A4A58F000E5E96 /* ViewController.swift */ = {isa = PBXFileReference; lastKnownFileType = sourcecode.swift; path = ViewController.swift; sourceTree = "<group>"; };
		24EE8C8826A4A58F000E5E96 /* Base */ = {isa = PBXFileReference; lastKnownFileType = file.storyboard; name = Base; path = Base.lproj/Main.storyboard; sourceTree = "<group>"; };
		24EE8C8A26A4A590000E5E96 /* Assets.xcassets */ = {isa = PBXFileReference; lastKnownFileType = folder.assetcatalog; path = Assets.xcassets; sourceTree = "<group>"; };
		24EE8C8D26A4A590000E5E96 /* Base */ = {isa = PBXFileReference; lastKnownFileType = file.storyboard; name = Base; path = Base.lproj/LaunchScreen.storyboard; sourceTree = "<group>"; };
		24EE8C8F26A4A590000E5E96 /* Info.plist */ = {isa = PBXFileReference; lastKnownFileType = text.plist.xml; path = Info.plist; sourceTree = "<group>"; };
		24EE8C9626A4A68B000E5E96 /* Page2ViewController.swift */ = {isa = PBXFileReference; lastKnownFileType = sourcecode.swift; path = Page2ViewController.swift; sourceTree = "<group>"; };
		24EE8C9A26A4AD41000E5E96 /* Page3ViewController.swift */ = {isa = PBXFileReference; lastKnownFileType = sourcecode.swift; path = Page3ViewController.swift; sourceTree = "<group>"; };
/* End PBXFileReference section */

/* Begin PBXFrameworksBuildPhase section */
		24EE8C7B26A4A58F000E5E96 /* Frameworks */ = {
			isa = PBXFrameworksBuildPhase;
			buildActionMask = 2147483647;
			files = (
			);
			runOnlyForDeploymentPostprocessing = 0;
		};
/* End PBXFrameworksBuildPhase section */

/* Begin PBXGroup section */
		249CE50726AC6C6400CDAB76 /* Scion tC 1st Gen examples */ = {
			isa = PBXGroup;
			children = (
				249CE51926AC6F4000CDAB76 /* tc1 4ex.jpeg */,
				249CE51326AC6ED200CDAB76 /* 1st ex Tc.jpeg */,
				249CE51426AC6ED200CDAB76 /* tc1 ex2.jpeg */,
				249CE51226AC6ED200CDAB76 /* tc1 ex 3.jpg */,
			);
			path = "Scion tC 1st Gen examples";
			sourceTree = "<group>";
		};
		249CE50826AC6C7300CDAB76 /* Scion tC 2nd gen examples */ = {
			isa = PBXGroup;
			children = (
				249CE51F26AC6FBA00CDAB76 /* tc 2 ex2.jpeg */,
				249CE51E26AC6FBA00CDAB76 /* tc2 ex3.jpeg */,
				249CE51D26AC6FBA00CDAB76 /* tc2 ex4.jpeg */,
				249CE51C26AC6FBA00CDAB76 /* tc2 slam.jpeg */,
			);
			path = "Scion tC 2nd gen examples";
			sourceTree = "<group>";
		};
		249CE50926AC6C8400CDAB76 /* Scion frs examples */ = {
			isa = PBXGroup;
			children = (
				249CE53326AC70EA00CDAB76 /* frs ex 3.jpeg */,
				249CE53126AC70EA00CDAB76 /* frs ex 4.jpeg */,
				249CE53226AC70EA00CDAB76 /* Frs ex1.jpeg */,
				249CE53426AC70EA00CDAB76 /* frs ex2.jpeg */,
			);
			path = "Scion frs examples";
			sourceTree = "<group>";
		};
		249CE50A26AC6C9900CDAB76 /* Acura Rsx examples */ = {
			isa = PBXGroup;
			children = (
				249CE52926AC70D000CDAB76 /* rsx ex 2.jpeg */,
				249CE52B26AC70D000CDAB76 /* rsx ex 3.jpeg */,
				249CE52826AC70D000CDAB76 /* rsx ex 4.jpeg */,
				249CE52A26AC70D000CDAB76 /* rsx ex1.jpeg */,
			);
			path = "Acura Rsx examples";
			sourceTree = "<group>";
		};
		24EE8C7526A4A58F000E5E96 = {
			isa = PBXGroup;
			children = (
				24EE8C8026A4A58F000E5E96 /* SkwarloFinalAPP */,
				24EE8C7F26A4A58F000E5E96 /* Products */,
			);
			sourceTree = "<group>";
		};
		24EE8C7F26A4A58F000E5E96 /* Products */ = {
			isa = PBXGroup;
			children = (
				24EE8C7E26A4A58F000E5E96 /* SkwarloFinalAPP.app */,
			);
			name = Products;
			sourceTree = "<group>";
		};
		24EE8C8026A4A58F000E5E96 /* SkwarloFinalAPP */ = {
			isa = PBXGroup;
			children = (
				24EE8C9E26A4AF92000E5E96 /* Images */,
				24EE8C8126A4A58F000E5E96 /* AppDelegate.swift */,
				24EE8C8326A4A58F000E5E96 /* SceneDelegate.swift */,
				24EE8C8526A4A58F000E5E96 /* ViewController.swift */,
				24EE8C9626A4A68B000E5E96 /* Page2ViewController.swift */,
				24EE8C9A26A4AD41000E5E96 /* Page3ViewController.swift */,
				249CE50326AC684000CDAB76 /* Page4ViewController.swift */,
				24EE8C8726A4A58F000E5E96 /* Main.storyboard */,
				24EE8C8A26A4A590000E5E96 /* Assets.xcassets */,
				24EE8C8C26A4A590000E5E96 /* LaunchScreen.storyboard */,
				24EE8C8F26A4A590000E5E96 /* Info.plist */,
			);
			path = SkwarloFinalAPP;
			sourceTree = "<group>";
		};
		24EE8C9E26A4AF92000E5E96 /* Images */ = {
			isa = PBXGroup;
			children = (
				249CE50826AC6C7300CDAB76 /* Scion tC 2nd gen examples */,
				249CE50726AC6C6400CDAB76 /* Scion tC 1st Gen examples */,
				249CE50A26AC6C9900CDAB76 /* Acura Rsx examples */,
				249CE50926AC6C8400CDAB76 /* Scion frs examples */,
				249CE4FD26AC635800CDAB76 /* Reference photo for 1st generation.jpeg */,
				249CE50026AC649E00CDAB76 /* Reference for 2nd gen scion tC.jpeg */,
				249CE50B26AC6DA800CDAB76 /* refernce photo for RSX.jpeg */,
				249CE50F26AC6E1E00CDAB76 /* Ref for Frs.jpeg */,
			);
			path = Images;
			sourceTree = "<group>";
		};
/* End PBXGroup section */

/* Begin PBXNativeTarget section */
		24EE8C7D26A4A58F000E5E96 /* SkwarloFinalAPP */ = {
			isa = PBXNativeTarget;
			buildConfigurationList = 24EE8C9226A4A590000E5E96 /* Build configuration list for PBXNativeTarget "SkwarloFinalAPP" */;
			buildPhases = (
				24EE8C7A26A4A58F000E5E96 /* Sources */,
				24EE8C7B26A4A58F000E5E96 /* Frameworks */,
				24EE8C7C26A4A58F000E5E96 /* Resources */,
			);
			buildRules = (
			);
			dependencies = (
			);
			name = SkwarloFinalAPP;
			productName = SkwarloFinalAPP;
			productReference = 24EE8C7E26A4A58F000E5E96 /* SkwarloFinalAPP.app */;
			productType = "com.apple.product-type.application";
		};
/* End PBXNativeTarget section */

/* Begin PBXProject section */
		24EE8C7626A4A58F000E5E96 /* Project object */ = {
			isa = PBXProject;
			attributes = {
				LastSwiftUpdateCheck = 1240;
				LastUpgradeCheck = 1240;
				TargetAttributes = {
					24EE8C7D26A4A58F000E5E96 = {
						CreatedOnToolsVersion = 12.4;
					};
				};
			};
			buildConfigurationList = 24EE8C7926A4A58F000E5E96 /* Build configuration list for PBXProject "SkwarloFinalAPP" */;
			compatibilityVersion = "Xcode 9.3";
			developmentRegion = en;
			hasScannedForEncodings = 0;
			knownRegions = (
				en,
				Base,
			);
			mainGroup = 24EE8C7526A4A58F000E5E96;
			productRefGroup = 24EE8C7F26A4A58F000E5E96 /* Products */;
			projectDirPath = "";
			projectRoot = "";
			targets = (
				24EE8C7D26A4A58F000E5E96 /* SkwarloFinalAPP */,
			);
		};
/* End PBXProject section */

/* Begin PBXResourcesBuildPhase section */
		24EE8C7C26A4A58F000E5E96 /* Resources */ = {
			isa = PBXResourcesBuildPhase;
			buildActionMask = 2147483647;
			files = (
				249CE51526AC6ED200CDAB76 /* tc1 ex 3.jpg in Resources */,
				24EE8C8E26A4A590000E5E96 /* LaunchScreen.storyboard in Resources */,
				24EE8C8B26A4A590000E5E96 /* Assets.xcassets in Resources */,
				249CE53826AC70EA00CDAB76 /* frs ex2.jpeg in Resources */,
				249CE52D26AC70D000CDAB76 /* rsx ex 2.jpeg in Resources */,
				249CE51626AC6ED200CDAB76 /* 1st ex Tc.jpeg in Resources */,
				249CE53526AC70EA00CDAB76 /* frs ex 4.jpeg in Resources */,
				249CE52026AC6FBA00CDAB76 /* tc2 slam.jpeg in Resources */,
				249CE4FE26AC635800CDAB76 /* Reference photo for 1st generation.jpeg in Resources */,
				249CE52E26AC70D000CDAB76 /* rsx ex1.jpeg in Resources */,
				249CE52326AC6FBA00CDAB76 /* tc 2 ex2.jpeg in Resources */,
				249CE53726AC70EA00CDAB76 /* frs ex 3.jpeg in Resources */,
				249CE53626AC70EA00CDAB76 /* Frs ex1.jpeg in Resources */,
				249CE50126AC649E00CDAB76 /* Reference for 2nd gen scion tC.jpeg in Resources */,
				249CE52126AC6FBA00CDAB76 /* tc2 ex4.jpeg in Resources */,
				249CE52226AC6FBA00CDAB76 /* tc2 ex3.jpeg in Resources */,
				249CE51726AC6ED200CDAB76 /* tc1 ex2.jpeg in Resources */,
				249CE52F26AC70D000CDAB76 /* rsx ex 3.jpeg in Resources */,
				249CE51026AC6E1E00CDAB76 /* Ref for Frs.jpeg in Resources */,
				24EE8C8926A4A58F000E5E96 /* Main.storyboard in Resources */,
				249CE50C26AC6DA800CDAB76 /* refernce photo for RSX.jpeg in Resources */,
				249CE51A26AC6F4000CDAB76 /* tc1 4ex.jpeg in Resources */,
				249CE52C26AC70D000CDAB76 /* rsx ex 4.jpeg in Resources */,
			);
			runOnlyForDeploymentPostprocessing = 0;
		};
/* End PBXResourcesBuildPhase section */

/* Begin PBXSourcesBuildPhase section */
		24EE8C7A26A4A58F000E5E96 /* Sources */ = {
			isa = PBXSourcesBuildPhase;
			buildActionMask = 2147483647;
			files = (
				24EE8C8626A4A58F000E5E96 /* ViewController.swift in Sources */,
				24EE8C8226A4A58F000E5E96 /* AppDelegate.swift in Sources */,
				249CE50426AC684000CDAB76 /* Page4ViewController.swift in Sources */,
				24EE8C9726A4A68B000E5E96 /* Page2ViewController.swift in Sources */,
				24EE8C9B26A4AD41000E5E96 /* Page3ViewController.swift in Sources */,
				24EE8C8426A4A58F000E5E96 /* SceneDelegate.swift in Sources */,
			);
			runOnlyForDeploymentPostprocessing = 0;
		};
/* End PBXSourcesBuildPhase section */

/* Begin PBXVariantGroup section */
		24EE8C8726A4A58F000E5E96 /* Main.storyboard */ = {
			isa = PBXVariantGroup;
			children = (
				24EE8C8826A4A58F000E5E96 /* Base */,
			);
			name = Main.storyboard;
			sourceTree = "<group>";
		};
		24EE8C8C26A4A590000E5E96 /* LaunchScreen.storyboard */ = {
			isa = PBXVariantGroup;
			children = (
				24EE8C8D26A4A590000E5E96 /* Base */,
			);
			name = LaunchScreen.storyboard;
			sourceTree = "<group>";
		};
/* End PBXVariantGroup section */

/* Begin XCBuildConfiguration section */
		24EE8C9026A4A590000E5E96 /* Debug */ = {
			isa = XCBuildConfiguration;
			buildSettings = {
				ALWAYS_SEARCH_USER_PATHS = NO;
				CLANG_ANALYZER_NONNULL = YES;
				CLANG_ANALYZER_NUMBER_OBJECT_CONVERSION = YES_AGGRESSIVE;
				CLANG_CXX_LANGUAGE_STANDARD = "gnu++14";
				CLANG_CXX_LIBRARY = "libc++";
				CLANG_ENABLE_MODULES = YES;
				CLANG_ENABLE_OBJC_ARC = YES;
				CLANG_ENABLE_OBJC_WEAK = YES;
				CLANG_WARN_BLOCK_CAPTURE_AUTORELEASING = YES;
				CLANG_WARN_BOOL_CONVERSION = YES;
				CLANG_WARN_COMMA = YES;
				CLANG_WARN_CONSTANT_CONVERSION = YES;
				CLANG_WARN_DEPRECATED_OBJC_IMPLEMENTATIONS = YES;
				CLANG_WARN_DIRECT_OBJC_ISA_USAGE = YES_ERROR;
				CLANG_WARN_DOCUMENTATION_COMMENTS = YES;
				CLANG_WARN_EMPTY_BODY = YES;
				CLANG_WARN_ENUM_CONVERSION = YES;
				CLANG_WARN_INFINITE_RECURSION = YES;
				CLANG_WARN_INT_CONVERSION = YES;
				CLANG_WARN_NON_LITERAL_NULL_CONVERSION = YES;
				CLANG_WARN_OBJC_IMPLICIT_RETAIN_SELF = YES;
				CLANG_WARN_OBJC_LITERAL_CONVERSION = YES;
				CLANG_WARN_OBJC_ROOT_CLASS = YES_ERROR;
				CLANG_WARN_QUOTED_INCLUDE_IN_FRAMEWORK_HEADER = YES;
				CLANG_WARN_RANGE_LOOP_ANALYSIS = YES;
				CLANG_WARN_STRICT_PROTOTYPES = YES;
				CLANG_WARN_SUSPICIOUS_MOVE = YES;
				CLANG_WARN_UNGUARDED_AVAILABILITY = YES_AGGRESSIVE;
				CLANG_WARN_UNREACHABLE_CODE = YES;
				CLANG_WARN__DUPLICATE_METHOD_MATCH = YES;
				COPY_PHASE_STRIP = NO;
				DEBUG_INFORMATION_FORMAT = dwarf;
				ENABLE_STRICT_OBJC_MSGSEND = YES;
				ENABLE_TESTABILITY = YES;
				GCC_C_LANGUAGE_STANDARD = gnu11;
				GCC_DYNAMIC_NO_PIC = NO;
				GCC_NO_COMMON_BLOCKS = YES;
				GCC_OPTIMIZATION_LEVEL = 0;
				GCC_PREPROCESSOR_DEFINITIONS = (
					"DEBUG=1",
					"$(inherited)",
				);
				GCC_WARN_64_TO_32_BIT_CONVERSION = YES;
				GCC_WARN_ABOUT_RETURN_TYPE = YES_ERROR;
				GCC_WARN_UNDECLARED_SELECTOR = YES;
				GCC_WARN_UNINITIALIZED_AUTOS = YES_AGGRESSIVE;
				GCC_WARN_UNUSED_FUNCTION = YES;
				GCC_WARN_UNUSED_VARIABLE = YES;
				IPHONEOS_DEPLOYMENT_TARGET = 14.4;
				MTL_ENABLE_DEBUG_INFO = INCLUDE_SOURCE;
				MTL_FAST_MATH = YES;
				ONLY_ACTIVE_ARCH = YES;
				SDKROOT = iphoneos;
				SWIFT_ACTIVE_COMPILATION_CONDITIONS = DEBUG;
				SWIFT_OPTIMIZATION_LEVEL = "-Onone";
			};
			name = Debug;
		};
		24EE8C9126A4A590000E5E96 /* Release */ = {
			isa = XCBuildConfiguration;
			buildSettings = {
				ALWAYS_SEARCH_USER_PATHS = NO;
				CLANG_ANALYZER_NONNULL = YES;
				CLANG_ANALYZER_NUMBER_OBJECT_CONVERSION = YES_AGGRESSIVE;
				CLANG_CXX_LANGUAGE_STANDARD = "gnu++14";
				CLANG_CXX_LIBRARY = "libc++";
				CLANG_ENABLE_MODULES = YES;
				CLANG_ENABLE_OBJC_ARC = YES;
				CLANG_ENABLE_OBJC_WEAK = YES;
				CLANG_WARN_BLOCK_CAPTURE_AUTORELEASING = YES;
				CLANG_WARN_BOOL_CONVERSION = YES;
				CLANG_WARN_COMMA = YES;
				CLANG_WARN_CONSTANT_CONVERSION = YES;
				CLANG_WARN_DEPRECATED_OBJC_IMPLEMENTATIONS = YES;
				CLANG_WARN_DIRECT_OBJC_ISA_USAGE = YES_ERROR;
				CLANG_WARN_DOCUMENTATION_COMMENTS = YES;
				CLANG_WARN_EMPTY_BODY = YES;
				CLANG_WARN_ENUM_CONVERSION = YES;
				CLANG_WARN_INFINITE_RECURSION = YES;
				CLANG_WARN_INT_CONVERSION = YES;
				CLANG_WARN_NON_LITERAL_NULL_CONVERSION = YES;
				CLANG_WARN_OBJC_IMPLICIT_RETAIN_SELF = YES;
				CLANG_WARN_OBJC_LITERAL_CONVERSION = YES;
				CLANG_WARN_OBJC_ROOT_CLASS = YES_ERROR;
				CLANG_WARN_QUOTED_INCLUDE_IN_FRAMEWORK_HEADER = YES;
				CLANG_WARN_RANGE_LOOP_ANALYSIS = YES;
				CLANG_WARN_STRICT_PROTOTYPES = YES;
				CLANG_WARN_SUSPICIOUS_MOVE = YES;
				CLANG_WARN_UNGUARDED_AVAILABILITY = YES_AGGRESSIVE;
				CLANG_WARN_UNREACHABLE_CODE = YES;
				CLANG_WARN__DUPLICATE_METHOD_MATCH = YES;
				COPY_PHASE_STRIP = NO;
				DEBUG_INFORMATION_FORMAT = "dwarf-with-dsym";
				ENABLE_NS_ASSERTIONS = NO;
				ENABLE_STRICT_OBJC_MSGSEND = YES;
				GCC_C_LANGUAGE_STANDARD = gnu11;
				GCC_NO_COMMON_BLOCKS = YES;
				GCC_WARN_64_TO_32_BIT_CONVERSION = YES;
				GCC_WARN_ABOUT_RETURN_TYPE = YES_ERROR;
				GCC_WARN_UNDECLARED_SELECTOR = YES;
				GCC_WARN_UNINITIALIZED_AUTOS = YES_AGGRESSIVE;
				GCC_WARN_UNUSED_FUNCTION = YES;
				GCC_WARN_UNUSED_VARIABLE = YES;
				IPHONEOS_DEPLOYMENT_TARGET = 14.4;
				MTL_ENABLE_DEBUG_INFO = NO;
				MTL_FAST_MATH = YES;
				SDKROOT = iphoneos;
				SWIFT_COMPILATION_MODE = wholemodule;
				SWIFT_OPTIMIZATION_LEVEL = "-O";
				VALIDATE_PRODUCT = YES;
			};
			name = Release;
		};
		24EE8C9326A4A590000E5E96 /* Debug */ = {
			isa = XCBuildConfiguration;
			buildSettings = {
				ASSETCATALOG_COMPILER_APPICON_NAME = AppIcon;
				ASSETCATALOG_COMPILER_GLOBAL_ACCENT_COLOR_NAME = AccentColor;
				CODE_SIGN_STYLE = Automatic;
				INFOPLIST_FILE = SkwarloFinalAPP/Info.plist;
				LD_RUNPATH_SEARCH_PATHS = (
					"$(inherited)",
					"@executable_path/Frameworks",
				);
				PRODUCT_BUNDLE_IDENTIFIER = edu.rockvalleycollege.SkwarloFinalAPP;
				PRODUCT_NAME = "$(TARGET_NAME)";
				SWIFT_VERSION = 5.0;
				TARGETED_DEVICE_FAMILY = "1,2";
			};
			name = Debug;
		};
		24EE8C9426A4A590000E5E96 /* Release */ = {
			isa = XCBuildConfiguration;
			buildSettings = {
				ASSETCATALOG_COMPILER_APPICON_NAME = AppIcon;
				ASSETCATALOG_COMPILER_GLOBAL_ACCENT_COLOR_NAME = AccentColor;
				CODE_SIGN_STYLE = Automatic;
				INFOPLIST_FILE = SkwarloFinalAPP/Info.plist;
				LD_RUNPATH_SEARCH_PATHS = (
					"$(inherited)",
					"@executable_path/Frameworks",
				);
				PRODUCT_BUNDLE_IDENTIFIER = edu.rockvalleycollege.SkwarloFinalAPP;
				PRODUCT_NAME = "$(TARGET_NAME)";
				SWIFT_VERSION = 5.0;
				TARGETED_DEVICE_FAMILY = "1,2";
			};
			name = Release;
		};
/* End XCBuildConfiguration section */

/* Begin XCConfigurationList section */
		24EE8C7926A4A58F000E5E96 /* Build configuration list for PBXProject "SkwarloFinalAPP" */ = {
			isa = XCConfigurationList;
			buildConfigurations = (
				24EE8C9026A4A590000E5E96 /* Debug */,
				24EE8C9126A4A590000E5E96 /* Release */,
			);
			defaultConfigurationIsVisible = 0;
			defaultConfigurationName = Release;
		};
		24EE8C9226A4A590000E5E96 /* Build configuration list for PBXNativeTarget "SkwarloFinalAPP" */ = {
			isa = XCConfigurationList;
			buildConfigurations = (
				24EE8C9326A4A590000E5E96 /* Debug */,
				24EE8C9426A4A590000E5E96 /* Release */,
			);
			defaultConfigurationIsVisible = 0;
			defaultConfigurationName = Release;
		};
/* End XCConfigurationList section */
	};
	rootObject = 24EE8C7626A4A58F000E5E96 /* Project object */;
}
